
Microsoft Visual Studio Solution File, Format Version 12.00
Project("{FAE04EC0-301F-11D3-BF4B-00C04F79EFBC}") = "Jumper", "Jumper\Jumper.csproj", "{B81BC7D7-5334-4A73-B4AF-941A5D5FA361}"
EndProject
Global
	GlobalSection(SolutionConfigurationPlatforms) = preSolution
		Debug|Any CPU = Debug|Any CPU
		Release|Any CPU = Release|Any CPU
	EndGlobalSection
	GlobalSection(ProjectConfigurationPlatforms) = postSolution
		{B81BC7D7-5334-4A73-B4AF-941A5D5FA361}.Debug|Any CPU.ActiveCfg = Debug|Any CPU
		{B81BC7D7-5334-4A73-B4AF-941A5D5FA361}.Debug|Any CPU.Build.0 = Debug|Any CPU
		{B81BC7D7-5334-4A73-B4AF-941A5D5FA361}.Release|Any CPU.ActiveCfg = Release|Any CPU
		{B81BC7D7-5334-4A73-B4AF-941A5D5FA361}.Release|Any CPU.Build.0 = Release|Any CPU
	EndGlobalSection
EndGlobal
